
Microsoft Visual Studio Solution File, Format Version 12.00
# Visual Studio Version 16
VisualStudioVersion = 16.0.29728.190
MinimumVisualStudioVersion = 10.0.40219.1
Project("{FAE04EC0-301F-11D3-BF4B-00C04F79EFBC}") = "GP", "GP.csproj", "{71856B99-4581-491C-BDC8-D2577877BBE4}"
EndProject
Global
	GlobalSection(SolutionConfigurationPlatforms) = preSolution
		Debug|Any CPU = Debug|Any CPU
		Release|Any CPU = Release|Any CPU
	EndGlobalSection
	GlobalSection(ProjectConfigurationPlatforms) = postSolution
		{71856B99-4581-491C-BDC8-D2577877BBE4}.Debug|Any CPU.ActiveCfg = Debug|Any CPU
		{71856B99-4581-491C-BDC8-D2577877BBE4}.Debug|Any CPU.Build.0 = Debug|Any CPU
		{71856B99-4581-491C-BDC8-D2577877BBE4}.Release|Any CPU.ActiveCfg = Release|Any CPU
		{71856B99-4581-491C-BDC8-D2577877BBE4}.Release|Any CPU.Build.0 = Release|Any CPU
	EndGlobalSection
	GlobalSection(SolutionProperties) = preSolution
		HideSolutionNode = FALSE
	EndGlobalSection
	GlobalSection(ExtensibilityGlobals) = postSolution
		SolutionGuid = {755DF5B4-EA7A-4171-A771-1DAA7EA2B8A0}
	EndGlobalSection
EndGlobal
